
Microsoft Visual Studio Solution File, Format Version 12.00
# Visual Studio Version 16
VisualStudioVersion = 16.0.33130.400
MinimumVisualStudioVersion = 10.0.40219.1
Project("{FAE04EC0-301F-11D3-BF4B-00C04F79EFBC}") = "DHS.EQUIPMENT", "DHS.EQUIPMENT\DHS.EQUIPMENT.csproj", "{F1A6E556-189C-4AD1-BA91-5062BADA12A1}"
EndProject
Project("{FAE04EC0-301F-11D3-BF4B-00C04F79EFBC}") = "OPCUACLIENT", "OPCUACLIENT\OPCUACLIENT.csproj", "{9C4A7B47-D191-4267-A5BE-141467668536}"
EndProject
Global
	GlobalSection(SolutionConfigurationPlatforms) = preSolution
		Debug|Any CPU = Debug|Any CPU
		Release|Any CPU = Release|Any CPU
	EndGlobalSection
	GlobalSection(ProjectConfigurationPlatforms) = postSolution
		{F1A6E556-189C-4AD1-BA91-5062BADA12A1}.Debug|Any CPU.ActiveCfg = Debug|Any CPU
		{F1A6E556-189C-4AD1-BA91-5062BADA12A1}.Debug|Any CPU.Build.0 = Debug|Any CPU
		{F1A6E556-189C-4AD1-BA91-5062BADA12A1}.Release|Any CPU.ActiveCfg = Release|Any CPU
		{F1A6E556-189C-4AD1-BA91-5062BADA12A1}.Release|Any CPU.Build.0 = Release|Any CPU
		{9C4A7B47-D191-4267-A5BE-141467668536}.Debug|Any CPU.ActiveCfg = Debug|Any CPU
		{9C4A7B47-D191-4267-A5BE-141467668536}.Debug|Any CPU.Build.0 = Debug|Any CPU
		{9C4A7B47-D191-4267-A5BE-141467668536}.Release|Any CPU.ActiveCfg = Release|Any CPU
		{9C4A7B47-D191-4267-A5BE-141467668536}.Release|Any CPU.Build.0 = Release|Any CPU
	EndGlobalSection
	GlobalSection(SolutionProperties) = preSolution
		HideSolutionNode = FALSE
	EndGlobalSection
	GlobalSection(ExtensibilityGlobals) = postSolution
		SolutionGuid = {FBDE368F-7A75-4CAD-9461-6ABB3D8B8E24}
	EndGlobalSection
EndGlobal
